# THIS IS AN AUTOGENERATED FILE. DO NOT EDIT THIS FILE DIRECTLY.
# yarn lockfile v1


require.js@^1.0.0:
  version "1.0.0"
  resolved "https://registry.npmmirror.com/require.js/-/require.js-1.0.0.tgz#71fa3273366af4427b0265a218be5e62ed4f90c8"
  integrity sha512-+KwgNIkkrtblYf9Agaxy8p1eTnf7QkZQGk/gq+3rfZr4tROFpCMrz9/ImWfV6dQAO34MaR+VML3jKhen0Ea03A==
